// !$*UTF8*$!
{
	archiveVersion = 1;
	classes = {
	};
	objectVersion = 46;
	objects = {

/* Begin PBXBuildFile section */
		B167B86C1B09720500D40AC9 /* main.m in Sources */ = {isa = PBXBuildFile; fileRef = B167B86B1B09720500D40AC9 /* main.m */; };
		B167B86F1B09720500D40AC9 /* AppDelegate.m in Sources */ = {isa = PBXBuildFile; fileRef = B167B86E1B09720500D40AC9 /* AppDelegate.m */; };
		B167B8721B09720500D40AC9 /* ViewController.m in Sources */ = {isa = PBXBuildFile; fileRef = B167B8711B09720500D40AC9 /* ViewController.m */; };
		B167B8751B09720500D40AC9 /* Main.storyboard in Resources */ = {isa = PBXBuildFile; fileRef = B167B8731B09720500D40AC9 /* Main.storyboard */; };
		B167B8771B09720500D40AC9 /* Images.xcassets in Resources */ = {isa = PBXBuildFile; fileRef = B167B8761B09720500D40AC9 /* Images.xcassets */; };
		B167B87A1B09720500D40AC9 /* LaunchScreen.xib in Resources */ = {isa = PBXBuildFile; fileRef = B167B8781B09720500D40AC9 /* LaunchScreen.xib */; };
		B167B8861B09720500D40AC9 /* Atlas_Keg_ScannerTests.m in Sources */ = {isa = PBXBuildFile; fileRef = B167B8851B09720500D40AC9 /* Atlas_Keg_ScannerTests.m */; };
/* End PBXBuildFile section */

/* Begin PBXContainerItemProxy section */
		B167B8801B09720500D40AC9 /* PBXContainerItemProxy */ = {
			isa = PBXContainerItemProxy;
			containerPortal = B167B85E1B09720500D40AC9 /* Project object */;
			proxyType = 1;
			remoteGlobalIDString = B167B8651B09720500D40AC9;
			remoteInfo = "Atlas Keg Scanner";
		};
/* End PBXContainerItemProxy section */

/* Begin PBXFileReference section */
		B167B8661B09720500D40AC9 /* Atlas Keg Scanner.app */ = {isa = PBXFileReference; explicitFileType = wrapper.application; includeInIndex = 0; path = "Atlas Keg Scanner.app"; sourceTree = BUILT_PRODUCTS_DIR; };
		B167B86A1B09720500D40AC9 /* Info.plist */ = {isa = PBXFileReference; lastKnownFileType = text.plist.xml; path = Info.plist; sourceTree = "<group>"; };
		B167B86B1B09720500D40AC9 /* main.m */ = {isa = PBXFileReference; lastKnownFileType = sourcecode.c.objc; path = main.m; sourceTree = "<group>"; };
		B167B86D1B09720500D40AC9 /* AppDelegate.h */ = {isa = PBXFileReference; lastKnownFileType = sourcecode.c.h; path = AppDelegate.h; sourceTree = "<group>"; };
		B167B86E1B09720500D40AC9 /* AppDelegate.m */ = {isa = PBXFileReference; lastKnownFileType = sourcecode.c.objc; path = AppDelegate.m; sourceTree = "<group>"; };
		B167B8701B09720500D40AC9 /* ViewController.h */ = {isa = PBXFileReference; lastKnownFileType = sourcecode.c.h; path = ViewController.h; sourceTree = "<group>"; };
		B167B8711B09720500D40AC9 /* ViewController.m */ = {isa = PBXFileReference; lastKnownFileType = sourcecode.c.objc; path = ViewController.m; sourceTree = "<group>"; };
		B167B8741B09720500D40AC9 /* Base */ = {isa = PBXFileReference; lastKnownFileType = file.storyboard; name = Base; path = Base.lproj/Main.storyboard; sourceTree = "<group>"; };
		B167B8761B09720500D40AC9 /* Images.xcassets */ = {isa = PBXFileReference; lastKnownFileType = folder.assetcatalog; path = Images.xcassets; sourceTree = "<group>"; };
		B167B8791B09720500D40AC9 /* Base */ = {isa = PBXFileReference; lastKnownFileType = file.xib; name = Base; path = Base.lproj/LaunchScreen.xib; sourceTree = "<group>"; };
		B167B87F1B09720500D40AC9 /* Atlas Keg ScannerTests.xctest */ = {isa = PBXFileReference; explicitFileType = wrapper.cfbundle; includeInIndex = 0; path = "Atlas Keg ScannerTests.xctest"; sourceTree = BUILT_PRODUCTS_DIR; };
		B167B8841B09720500D40AC9 /* Info.plist */ = {isa = PBXFileReference; lastKnownFileType = text.plist.xml; path = Info.plist; sourceTree = "<group>"; };
		B167B8851B09720500D40AC9 /* Atlas_Keg_ScannerTests.m */ = {isa = PBXFileReference; lastKnownFileType = sourcecode.c.objc; path = Atlas_Keg_ScannerTests.m; sourceTree = "<group>"; };
/* End PBXFileReference section */

/* Begin PBXFrameworksBuildPhase section */
		B167B8631B09720500D40AC9 /* Frameworks */ = {
			isa = PBXFrameworksBuildPhase;
			buildActionMask = 2147483647;
			files = (
			);
			runOnlyForDeploymentPostprocessing = 0;
		};
		B167B87C1B09720500D40AC9 /* Frameworks */ = {
			isa = PBXFrameworksBuildPhase;
			buildActionMask = 2147483647;
			files = (
			);
			runOnlyForDeploymentPostprocessing = 0;
		};
/* End PBXFrameworksBuildPhase section */

/* Begin PBXGroup section */
		B167B85D1B09720500D40AC9 = {
			isa = PBXGroup;
			children = (
				B167B8681B09720500D40AC9 /* Atlas Keg Scanner */,
				B167B8821B09720500D40AC9 /* Atlas Keg ScannerTests */,
				B167B8671B09720500D40AC9 /* Products */,
			);
			sourceTree = "<group>";
		};
		B167B8671B09720500D40AC9 /* Products */ = {
			isa = PBXGroup;
			children = (
				B167B8661B09720500D40AC9 /* Atlas Keg Scanner.app */,
				B167B87F1B09720500D40AC9 /* Atlas Keg ScannerTests.xctest */,
			);
			name = Products;
			sourceTree = "<group>";
		};
		B167B8681B09720500D40AC9 /* Atlas Keg Scanner */ = {
			isa = PBXGroup;
			children = (
				B167B86D1B09720500D40AC9 /* AppDelegate.h */,
				B167B86E1B09720500D40AC9 /* AppDelegate.m */,
				B167B8701B09720500D40AC9 /* ViewController.h */,
				B167B8711B09720500D40AC9 /* ViewController.m */,
				B167B8731B09720500D40AC9 /* Main.storyboard */,
				B167B8761B09720500D40AC9 /* Images.xcassets */,
				B167B8781B09720500D40AC9 /* LaunchScreen.xib */,
				B167B8691B09720500D40AC9 /* Supporting Files */,
			);
			path = "Atlas Keg Scanner";
			sourceTree = "<group>";
		};
		B167B8691B09720500D40AC9 /* Supporting Files */ = {
			isa = PBXGroup;
			children = (
				B167B86A1B09720500D40AC9 /* Info.plist */,
				B167B86B1B09720500D40AC9 /* main.m */,
			);
			name = "Supporting Files";
			sourceTree = "<group>";
		};
		B167B8821B09720500D40AC9 /* Atlas Keg ScannerTests */ = {
			isa = PBXGroup;
			children = (
				B167B8851B09720500D40AC9 /* Atlas_Keg_ScannerTests.m */,
				B167B8831B09720500D40AC9 /* Supporting Files */,
			);
			path = "Atlas Keg ScannerTests";
			sourceTree = "<group>";
		};
		B167B8831B09720500D40AC9 /* Supporting Files */ = {
			isa = PBXGroup;
			children = (
				B167B8841B09720500D40AC9 /* Info.plist */,
			);
			name = "Supporting Files";
			sourceTree = "<group>";
		};
/* End PBXGroup section */

/* Begin PBXNativeTarget section */
		B167B8651B09720500D40AC9 /* Atlas Keg Scanner */ = {
			isa = PBXNativeTarget;
			buildConfigurationList = B167B8891B09720500D40AC9 /* Build configuration list for PBXNativeTarget "Atlas Keg Scanner" */;
			buildPhases = (
				B167B8621B09720500D40AC9 /* Sources */,
				B167B8631B09720500D40AC9 /* Frameworks */,
				B167B8641B09720500D40AC9 /* Resources */,
			);
			buildRules = (
			);
			dependencies = (
			);
			name = "Atlas Keg Scanner";
			productName = "Atlas Keg Scanner";
			productReference = B167B8661B09720500D40AC9 /* Atlas Keg Scanner.app */;
			productType = "com.apple.product-type.application";
		};
		B167B87E1B09720500D40AC9 /* Atlas Keg ScannerTests */ = {
			isa = PBXNativeTarget;
			buildConfigurationList = B167B88C1B09720500D40AC9 /* Build configuration list for PBXNativeTarget "Atlas Keg ScannerTests" */;
			buildPhases = (
				B167B87B1B09720500D40AC9 /* Sources */,
				B167B87C1B09720500D40AC9 /* Frameworks */,
				B167B87D1B09720500D40AC9 /* Resources */,
			);
			buildRules = (
			);
			dependencies = (
				B167B8811B09720500D40AC9 /* PBXTargetDependency */,
			);
			name = "Atlas Keg ScannerTests";
			productName = "Atlas Keg ScannerTests";
			productReference = B167B87F1B09720500D40AC9 /* Atlas Keg ScannerTests.xctest */;
			productType = "com.apple.product-type.bundle.unit-test";
		};
/* End PBXNativeTarget section */

/* Begin PBXProject section */
		B167B85E1B09720500D40AC9 /* Project object */ = {
			isa = PBXProject;
			attributes = {
				LastUpgradeCheck = 0630;
				ORGANIZATIONNAME = "Westglenn Software";
				TargetAttributes = {
					B167B8651B09720500D40AC9 = {
						CreatedOnToolsVersion = 6.3.1;
					};
					B167B87E1B09720500D40AC9 = {
						CreatedOnToolsVersion = 6.3.1;
						TestTargetID = B167B8651B09720500D40AC9;
					};
				};
			};
			buildConfigurationList = B167B8611B09720500D40AC9 /* Build configuration list for PBXProject "Atlas Keg Scanner" */;
			compatibilityVersion = "Xcode 3.2";
			developmentRegion = English;
			hasScannedForEncodings = 0;
			knownRegions = (
				en,
				Base,
			);
			mainGroup = B167B85D1B09720500D40AC9;
			productRefGroup = B167B8671B09720500D40AC9 /* Products */;
			projectDirPath = "";
			projectRoot = "";
			targets = (
				B167B8651B09720500D40AC9 /* Atlas Keg Scanner */,
				B167B87E1B09720500D40AC9 /* Atlas Keg ScannerTests */,
			);
		};
/* End PBXProject section */

/* Begin PBXResourcesBuildPhase section */
		B167B8641B09720500D40AC9 /* Resources */ = {
			isa = PBXResourcesBuildPhase;
			buildActionMask = 2147483647;
			files = (
				B167B8751B09720500D40AC9 /* Main.storyboard in Resources */,
				B167B87A1B09720500D40AC9 /* LaunchScreen.xib in Resources */,
				B167B8771B09720500D40AC9 /* Images.xcassets in Resources */,
			);
			runOnlyForDeploymentPostprocessing = 0;
		};
		B167B87D1B09720500D40AC9 /* Resources */ = {
			isa = PBXResourcesBuildPhase;
			buildActionMask = 2147483647;
			files = (
			);
			runOnlyForDeploymentPostprocessing = 0;
		};
/* End PBXResourcesBuildPhase section */

/* Begin PBXSourcesBuildPhase section */
		B167B8621B09720500D40AC9 /* Sources */ = {
			isa = PBXSourcesBuildPhase;
			buildActionMask = 2147483647;
			files = (
				B167B8721B09720500D40AC9 /* ViewController.m in Sources */,
				B167B86F1B09720500D40AC9 /* AppDelegate.m in Sources */,
				B167B86C1B09720500D40AC9 /* main.m in Sources */,
			);
			runOnlyForDeploymentPostprocessing = 0;
		};
		B167B87B1B09720500D40AC9 /* Sources */ = {
			isa = PBXSourcesBuildPhase;
			buildActionMask = 2147483647;
			files = (
				B167B8861B09720500D40AC9 /* Atlas_Keg_ScannerTests.m in Sources */,
			);
			runOnlyForDeploymentPostprocessing = 0;
		};
/* End PBXSourcesBuildPhase section */

/* Begin PBXTargetDependency section */
		B167B8811B09720500D40AC9 /* PBXTargetDependency */ = {
			isa = PBXTargetDependency;
			target = B167B8651B09720500D40AC9 /* Atlas Keg Scanner */;
			targetProxy = B167B8801B09720500D40AC9 /* PBXContainerItemProxy */;
		};
/* End PBXTargetDependency section */

/* Begin PBXVariantGroup section */
		B167B8731B09720500D40AC9 /* Main.storyboard */ = {
			isa = PBXVariantGroup;
			children = (
				B167B8741B09720500D40AC9 /* Base */,
			);
			name = Main.storyboard;
			sourceTree = "<group>";
		};
		B167B8781B09720500D40AC9 /* LaunchScreen.xib */ = {
			isa = PBXVariantGroup;
			children = (
				B167B8791B09720500D40AC9 /* Base */,
			);
			name = LaunchScreen.xib;
			sourceTree = "<group>";
		};
/* End PBXVariantGroup section */

/* Begin XCBuildConfiguration section */
		B167B8871B09720500D40AC9 /* Debug */ = {
			isa = XCBuildConfiguration;
			buildSettings = {
				ALWAYS_SEARCH_USER_PATHS = NO;
				CLANG_CXX_LANGUAGE_STANDARD = "gnu++0x";
				CLANG_CXX_LIBRARY = "libc++";
				CLANG_ENABLE_MODULES = YES;
				CLANG_ENABLE_OBJC_ARC = YES;
				CLANG_WARN_BOOL_CONVERSION = YES;
				CLANG_WARN_CONSTANT_CONVERSION = YES;
				CLANG_WARN_DIRECT_OBJC_ISA_USAGE = YES_ERROR;
				CLANG_WARN_EMPTY_BODY = YES;
				CLANG_WARN_ENUM_CONVERSION = YES;
				CLANG_WARN_INT_CONVERSION = YES;
				CLANG_WARN_OBJC_ROOT_CLASS = YES_ERROR;
				CLANG_WARN_UNREACHABLE_CODE = YES;
				CLANG_WARN__DUPLICATE_METHOD_MATCH = YES;
				"CODE_SIGN_IDENTITY[sdk=iphoneos*]" = "iPhone Developer";
				COPY_PHASE_STRIP = NO;
				DEBUG_INFORMATION_FORMAT = "dwarf-with-dsym";
				ENABLE_STRICT_OBJC_MSGSEND = YES;
				GCC_C_LANGUAGE_STANDARD = gnu99;
				GCC_DYNAMIC_NO_PIC = NO;
				GCC_NO_COMMON_BLOCKS = YES;
				GCC_OPTIMIZATION_LEVEL = 0;
				GCC_PREPROCESSOR_DEFINITIONS = (
					"DEBUG=1",
					"$(inherited)",
				);
				GCC_SYMBOLS_PRIVATE_EXTERN = NO;
				GCC_WARN_64_TO_32_BIT_CONVERSION = YES;
				GCC_WARN_ABOUT_RETURN_TYPE = YES_ERROR;
				GCC_WARN_UNDECLARED_SELECTOR = YES;
				GCC_WARN_UNINITIALIZED_AUTOS = YES_AGGRESSIVE;
				GCC_WARN_UNUSED_FUNCTION = YES;
				GCC_WARN_UNUSED_VARIABLE = YES;
				IPHONEOS_DEPLOYMENT_TARGET = 8.3;
				MTL_ENABLE_DEBUG_INFO = YES;
				ONLY_ACTIVE_ARCH = YES;
				SDKROOT = iphoneos;
			};
			name = Debug;
		};
		B167B8881B09720500D40AC9 /* Release */ = {
			isa = XCBuildConfiguration;
			buildSettings = {
				ALWAYS_SEARCH_USER_PATHS = NO;
				CLANG_CXX_LANGUAGE_STANDARD = "gnu++0x";
				CLANG_CXX_LIBRARY = "libc++";
				CLANG_ENABLE_MODULES = YES;
				CLANG_ENABLE_OBJC_ARC = YES;
				CLANG_WARN_BOOL_CONVERSION = YES;
				CLANG_WARN_CONSTANT_CONVERSION = YES;
				CLANG_WARN_DIRECT_OBJC_ISA_USAGE = YES_ERROR;
				CLANG_WARN_EMPTY_BODY = YES;
				CLANG_WARN_ENUM_CONVERSION = YES;
				CLANG_WARN_INT_CONVERSION = YES;
				CLANG_WARN_OBJC_ROOT_CLASS = YES_ERROR;
				CLANG_WARN_UNREACHABLE_CODE = YES;
				CLANG_WARN__DUPLICATE_METHOD_MATCH = YES;
				"CODE_SIGN_IDENTITY[sdk=iphoneos*]" = "iPhone Developer";
				COPY_PHASE_STRIP = NO;
				DEBUG_INFORMATION_FORMAT = "dwarf-with-dsym";
				ENABLE_NS_ASSERTIONS = NO;
				ENABLE_STRICT_OBJC_MSGSEND = YES;
				GCC_C_LANGUAGE_STANDARD = gnu99;
				GCC_NO_COMMON_BLOCKS = YES;
				GCC_WARN_64_TO_32_BIT_CONVERSION = YES;
				GCC_WARN_ABOUT_RETURN_TYPE = YES_ERROR;
				GCC_WARN_UNDECLARED_SELECTOR = YES;
				GCC_WARN_UNINITIALIZED_AUTOS = YES_AGGRESSIVE;
				GCC_WARN_UNUSED_FUNCTION = YES;
				GCC_WARN_UNUSED_VARIABLE = YES;
				IPHONEOS_DEPLOYMENT_TARGET = 8.3;
				MTL_ENABLE_DEBUG_INFO = NO;
				SDKROOT = iphoneos;
				VALIDATE_PRODUCT = YES;
			};
			name = Release;
		};
		B167B88A1B09720500D40AC9 /* Debug */ = {
			isa = XCBuildConfiguration;
			buildSettings = {
				ASSETCATALOG_COMPILER_APPICON_NAME = AppIcon;
				INFOPLIST_FILE = "Atlas Keg Scanner/Info.plist";
				LD_RUNPATH_SEARCH_PATHS = "$(inherited) @executable_path/Frameworks";
				PRODUCT_NAME = "$(TARGET_NAME)";
			};
			name = Debug;
		};
		B167B88B1B09720500D40AC9 /* Release */ = {
			isa = XCBuildConfiguration;
			buildSettings = {
				ASSETCATALOG_COMPILER_APPICON_NAME = AppIcon;
				INFOPLIST_FILE = "Atlas Keg Scanner/Info.plist";
				LD_RUNPATH_SEARCH_PATHS = "$(inherited) @executable_path/Frameworks";
				PRODUCT_NAME = "$(TARGET_NAME)";
			};
			name = Release;
		};
		B167B88D1B09720500D40AC9 /* Debug */ = {
			isa = XCBuildConfiguration;
			buildSettings = {
				BUNDLE_LOADER = "$(TEST_HOST)";
				FRAMEWORK_SEARCH_PATHS = (
					"$(SDKROOT)/Developer/Library/Frameworks",
					"$(inherited)",
				);
				GCC_PREPROCESSOR_DEFINITIONS = (
					"DEBUG=1",
					"$(inherited)",
				);
				INFOPLIST_FILE = "Atlas Keg ScannerTests/Info.plist";
				LD_RUNPATH_SEARCH_PATHS = "$(inherited) @executable_path/Frameworks @loader_path/Frameworks";
				PRODUCT_NAME = "$(TARGET_NAME)";
				TEST_HOST = "$(BUILT_PRODUCTS_DIR)/Atlas Keg Scanner.app/Atlas Keg Scanner";
			};
			name = Debug;
		};
		B167B88E1B09720500D40AC9 /* Release */ = {
			isa = XCBuildConfiguration;
			buildSettings = {
				BUNDLE_LOADER = "$(TEST_HOST)";
				FRAMEWORK_SEARCH_PATHS = (
					"$(SDKROOT)/Developer/Library/Frameworks",
					"$(inherited)",
				);
				INFOPLIST_FILE = "Atlas Keg ScannerTests/Info.plist";
				LD_RUNPATH_SEARCH_PATHS = "$(inherited) @executable_path/Frameworks @loader_path/Frameworks";
				PRODUCT_NAME = "$(TARGET_NAME)";
				TEST_HOST = "$(BUILT_PRODUCTS_DIR)/Atlas Keg Scanner.app/Atlas Keg Scanner";
			};
			name = Release;
		};
/* End XCBuildConfiguration section */

/* Begin XCConfigurationList section */
		B167B8611B09720500D40AC9 /* Build configuration list for PBXProject "Atlas Keg Scanner" */ = {
			isa = XCConfigurationList;
			buildConfigurations = (
				B167B8871B09720500D40AC9 /* Debug */,
				B167B8881B09720500D40AC9 /* Release */,
			);
			defaultConfigurationIsVisible = 0;
			defaultConfigurationName = Release;
		};
		B167B8891B09720500D40AC9 /* Build configuration list for PBXNativeTarget "Atlas Keg Scanner" */ = {
			isa = XCConfigurationList;
			buildConfigurations = (
				B167B88A1B09720500D40AC9 /* Debug */,
				B167B88B1B09720500D40AC9 /* Release */,
			);
			defaultConfigurationIsVisible = 0;
		};
		B167B88C1B09720500D40AC9 /* Build configuration list for PBXNativeTarget "Atlas Keg ScannerTests" */ = {
			isa = XCConfigurationList;
			buildConfigurations = (
				B167B88D1B09720500D40AC9 /* Debug */,
				B167B88E1B09720500D40AC9 /* Release */,
			);
			defaultConfigurationIsVisible = 0;
		};
/* End XCConfigurationList section */
	};
	rootObject = B167B85E1B09720500D40AC9 /* Project object */;
}
